
Microsoft Visual Studio Solution File, Format Version 12.00
# Visual Studio Version 16
VisualStudioVersion = 16.0.29806.167
MinimumVisualStudioVersion = 10.0.40219.1
Project("{FAE04EC0-301F-11D3-BF4B-00C04F79EFBC}") = "TN.XMLServer_Client", "TN.XMLServer_Client.csproj", "{5F193A88-5387-4485-9C0D-15A859A37BC4}"
EndProject
Global
	GlobalSection(SolutionConfigurationPlatforms) = preSolution
		Debug|Any CPU = Debug|Any CPU
		Release|Any CPU = Release|Any CPU
	EndGlobalSection
	GlobalSection(ProjectConfigurationPlatforms) = postSolution
		{5F193A88-5387-4485-9C0D-15A859A37BC4}.Debug|Any CPU.ActiveCfg = Debug|Any CPU
		{5F193A88-5387-4485-9C0D-15A859A37BC4}.Debug|Any CPU.Build.0 = Debug|Any CPU
		{5F193A88-5387-4485-9C0D-15A859A37BC4}.Release|Any CPU.ActiveCfg = Release|Any CPU
		{5F193A88-5387-4485-9C0D-15A859A37BC4}.Release|Any CPU.Build.0 = Release|Any CPU
	EndGlobalSection
	GlobalSection(SolutionProperties) = preSolution
		HideSolutionNode = FALSE
	EndGlobalSection
	GlobalSection(ExtensibilityGlobals) = postSolution
		SolutionGuid = {9F8DCDEA-943E-4A87-8EF0-0BE16BBFF747}
	EndGlobalSection
EndGlobal
